
Microsoft Visual Studio Solution File, Format Version 12.00
# Visual Studio Version 17
VisualStudioVersion = 17.10.34902.84
MinimumVisualStudioVersion = 10.0.40219.1
Project("{FAE04EC0-301F-11D3-BF4B-00C04F79EFBC}") = "MaterialDesigCustom_DevC", "MaterialDesigCustom_DevC\MaterialDesigCustom_DevC.csproj", "{E132F928-1CAB-4171-B25F-147254676648}"
EndProject
Global
	GlobalSection(SolutionConfigurationPlatforms) = preSolution
		Debug|Any CPU = Debug|Any CPU
		Release|Any CPU = Release|Any CPU
	EndGlobalSection
	GlobalSection(ProjectConfigurationPlatforms) = postSolution
		{E132F928-1CAB-4171-B25F-147254676648}.Debug|Any CPU.ActiveCfg = Debug|Any CPU
		{E132F928-1CAB-4171-B25F-147254676648}.Debug|Any CPU.Build.0 = Debug|Any CPU
		{E132F928-1CAB-4171-B25F-147254676648}.Release|Any CPU.ActiveCfg = Release|Any CPU
		{E132F928-1CAB-4171-B25F-147254676648}.Release|Any CPU.Build.0 = Release|Any CPU
	EndGlobalSection
	GlobalSection(SolutionProperties) = preSolution
		HideSolutionNode = FALSE
	EndGlobalSection
	GlobalSection(ExtensibilityGlobals) = postSolution
		SolutionGuid = {CE1CCA35-37FC-4703-8D5E-488ECE7AB3C0}
	EndGlobalSection
EndGlobal
